<?xml version="1.0" encoding="UTF-8"?>
<Scheme LastUpgradeVersion="2600" version="1.7">
  <BuildAction parallelizeBuildables="YES" buildImplicitDependencies="YES">
    <BuildActionEntries>
      <BuildActionEntry buildForTesting="YES" buildForRunning="YES" buildForProfiling="YES" buildForArchiving="YES" buildForAnalyzing="YES">
        <BuildableReference BuildableIdentifier="primary" BlueprintIdentifier="D26D52F02B27415D007D8074" BuildableName="libut.a" BlueprintName="ut" ReferencedContainer="container:pomace.xcodeproj"/>
      </BuildActionEntry>
      <BuildActionEntry buildForTesting="YES" buildForRunning="YES" buildForProfiling="YES" buildForArchiving="YES" buildForAnalyzing="YES">
        <BuildableReference BuildableIdentifier="primary" BlueprintIdentifier="D21EFF142B5CDEAF00C86B08" BuildableName="libun.a" BlueprintName="un" ReferencedContainer="container:pomace.xcodeproj"/>
      </BuildActionEntry>
      <BuildActionEntry buildForTesting="YES" buildForRunning="YES" buildForProfiling="YES" buildForArchiving="YES" buildForAnalyzing="YES">
        <BuildableReference BuildableIdentifier="primary" BlueprintIdentifier="D2DC5D21295870DB007E2B9D" BuildableName="libsn.a" BlueprintName="sn" ReferencedContainer="container:pomace.xcodeproj"/>
      </BuildActionEntry>
      <BuildActionEntry buildForTesting="YES" buildForRunning="YES" buildForProfiling="YES" buildForArchiving="YES" buildForAnalyzing="YES">
        <BuildableReference BuildableIdentifier="primary" BlueprintIdentifier="D21A0FF0287738ED00AB7EF8" BuildableName="libns.a" BlueprintName="ns" ReferencedContainer="container:pomace.xcodeproj"/>
      </BuildActionEntry>
      <BuildActionEntry buildForTesting="YES" buildForRunning="YES" buildForProfiling="YES" buildForArchiving="YES" buildForAnalyzing="YES">
        <BuildableReference BuildableIdentifier="primary" BlueprintIdentifier="D2FA4ADA2820227B001E2A51" BuildableName="libav.a" BlueprintName="av" ReferencedContainer="container:pomace.xcodeproj"/>
      </BuildActionEntry>
      <BuildActionEntry buildForTesting="YES" buildForRunning="YES" buildForProfiling="YES" buildForArchiving="YES" buildForAnalyzing="YES">
        <BuildableReference BuildableIdentifier="primary" BlueprintIdentifier="D21EFF212B5D1ECB00C86B08" BuildableName="libcl.a" BlueprintName="cl" ReferencedContainer="container:pomace.xcodeproj"/>
      </BuildActionEntry>
      <BuildActionEntry buildForTesting="YES" buildForRunning="YES" buildForProfiling="YES" buildForArchiving="YES" buildForAnalyzing="YES">
        <BuildableReference BuildableIdentifier="primary" BlueprintIdentifier="D28CF5EB2BCD201B00ED6381" BuildableName="libnl.a" BlueprintName="nl" ReferencedContainer="container:pomace.xcodeproj"/>
      </BuildActionEntry>
      <BuildActionEntry buildForTesting="YES" buildForRunning="YES" buildForProfiling="YES" buildForArchiving="YES" buildForAnalyzing="YES">
        <BuildableReference BuildableIdentifier="primary" BlueprintIdentifier="D27ADA562E094D2E00A7D124" BuildableName="libml.a" BlueprintName="ml" ReferencedContainer="container:pomace.xcodeproj"/>
      </BuildActionEntry>
      <BuildActionEntry buildForTesting="YES" buildForRunning="YES" buildForProfiling="YES" buildForArchiving="YES" buildForAnalyzing="YES">
        <BuildableReference BuildableIdentifier="primary" BlueprintIdentifier="D2FF55D72E4F17E700707A1D" BuildableName="libat.a" BlueprintName="at" ReferencedContainer="container:pomace.xcodeproj"/>
      </BuildActionEntry>
      <BuildActionEntry buildForTesting="YES" buildForRunning="YES" buildForProfiling="YES" buildForArchiving="YES" buildForAnalyzing="YES">
        <BuildableReference BuildableIdentifier="primary" BlueprintIdentifier="D2A52938283A1F5800E7B4C6" BuildableName="libca.a" BlueprintName="ca" ReferencedContainer="container:pomace.xcodeproj"/>
      </BuildActionEntry>
      <BuildActionEntry buildForTesting="YES" buildForRunning="YES" buildForProfiling="YES" buildForArchiving="YES" buildForAnalyzing="YES">
        <BuildableReference BuildableIdentifier="primary" BlueprintIdentifier="D264D29D28F7E7CF002B1B14" BuildableName="libvn.a" BlueprintName="vn" ReferencedContainer="container:pomace.xcodeproj"/>
      </BuildActionEntry>
      <BuildActionEntry buildForTesting="YES" buildForRunning="YES" buildForProfiling="YES" buildForArchiving="YES" buildForAnalyzing="YES">
        <BuildableReference BuildableIdentifier="primary" BlueprintIdentifier="D2DC5D33295B5064007E2B9D" BuildableName="libmps.a" BlueprintName="mps" ReferencedContainer="container:pomace.xcodeproj"/>
      </BuildActionEntry>
      <BuildActionEntry buildForTesting="YES" buildForRunning="YES" buildForProfiling="YES" buildForArchiving="YES" buildForAnalyzing="YES">
        <BuildableReference BuildableIdentifier="primary" BlueprintIdentifier="D2DC5D40295B506F007E2B9D" BuildableName="libmpsg.a" BlueprintName="mpsg" ReferencedContainer="container:pomace.xcodeproj"/>
      </BuildActionEntry>
      <BuildActionEntry buildForTesting="YES" buildForRunning="YES" buildForProfiling="YES" buildForArchiving="YES" buildForAnalyzing="YES">
        <BuildableReference BuildableIdentifier="primary" BlueprintIdentifier="D21EFEFA2B5911F500C86B08" BuildableName="libmc.a" BlueprintName="mc" ReferencedContainer="container:pomace.xcodeproj"/>
      </BuildActionEntry>
      <BuildActionEntry buildForTesting="YES" buildForRunning="YES" buildForProfiling="YES" buildForArchiving="YES" buildForAnalyzing="YES">
        <BuildableReference BuildableIdentifier="primary" BlueprintIdentifier="D2FBEBF627CB653200FD974A" BuildableName="libmtl.a" BlueprintName="mtl" ReferencedContainer="container:pomace.xcodeproj"/>
      </BuildActionEntry>
      <BuildActionEntry buildForTesting="YES" buildForRunning="YES" buildForProfiling="YES" buildForArchiving="YES" buildForAnalyzing="YES">
        <BuildableReference BuildableIdentifier="primary" BlueprintIdentifier="D2C1FA2D2CCFAA6E008EFEDC" BuildableName="libmtk.a" BlueprintName="mtk" ReferencedContainer="container:pomace.xcodeproj"/>
      </BuildActionEntry>
      <BuildActionEntry buildForTesting="YES" buildForRunning="YES" buildForProfiling="YES" buildForArchiving="YES" buildForAnalyzing="YES">
        <BuildableReference BuildableIdentifier="primary" BlueprintIdentifier="D2A52945283A1F6A00E7B4C6" BuildableName="libci.a" BlueprintName="ci" ReferencedContainer="container:pomace.xcodeproj"/>
      </BuildActionEntry>
      <BuildActionEntry buildForTesting="YES" buildForRunning="YES" buildForProfiling="YES" buildForArchiving="YES" buildForAnalyzing="YES">
        <BuildableReference BuildableIdentifier="primary" BlueprintIdentifier="D23E3BA32B4D3605006B1B9C" BuildableName="libgc.a" BlueprintName="gc" ReferencedContainer="container:pomace.xcodeproj"/>
      </BuildActionEntry>
      <BuildActionEntry buildForTesting="YES" buildForRunning="YES" buildForProfiling="YES" buildForArchiving="YES" buildForAnalyzing="YES">
        <BuildableReference BuildableIdentifier="primary" BlueprintIdentifier="D25386512C9019D4002122EB" BuildableName="libav_kit.a" BlueprintName="av_kit" ReferencedContainer="container:pomace.xcodeproj"/>
      </BuildActionEntry>
      <BuildActionEntry buildForTesting="YES" buildForRunning="YES" buildForProfiling="YES" buildForArchiving="YES" buildForAnalyzing="YES">
        <BuildableReference BuildableIdentifier="primary" BlueprintIdentifier="D27864E12A0A29F400E64871" BuildableName="libmlc.a" BlueprintName="mlc" ReferencedContainer="container:pomace.xcodeproj"/>
      </BuildActionEntry>
      <BuildActionEntry buildForTesting="YES" buildForRunning="YES" buildForProfiling="YES" buildForArchiving="YES" buildForAnalyzing="YES">
        <BuildableReference BuildableIdentifier="primary" BlueprintIdentifier="D21EFF072B5A96FD00C86B08" BuildableName="libcore_motion.a" BlueprintName="core_motion" ReferencedContainer="container:pomace.xcodeproj"/>
      </BuildActionEntry>
      <BuildActionEntry buildForTesting="YES" buildForRunning="YES" buildForProfiling="YES" buildForArchiving="YES" buildForAnalyzing="YES">
        <BuildableReference BuildableIdentifier="primary" BlueprintIdentifier="D22946A12AF217A0004FAA52" BuildableName="libwk.a" BlueprintName="wk" ReferencedContainer="container:pomace.xcodeproj"/>
      </BuildActionEntry>
      <BuildActionEntry buildForTesting="YES" buildForRunning="YES" buildForProfiling="YES" buildForArchiving="YES" buildForAnalyzing="YES">
        <BuildableReference BuildableIdentifier="primary" BlueprintIdentifier="D2520CFB280BFC4A00FD6562" BuildableName="libsc.a" BlueprintName="sc" ReferencedContainer="container:pomace.xcodeproj"/>
      </BuildActionEntry>
      <BuildActionEntry buildForTesting="YES" buildForRunning="YES" buildForProfiling="YES" buildForArchiving="YES" buildForAnalyzing="YES">
        <BuildableReference BuildableIdentifier="primary" BlueprintIdentifier="D22946AE2AF22515004FAA52" BuildableName="libapp.a" BlueprintName="app" ReferencedContainer="container:pomace.xcodeproj"/>
      </BuildActionEntry>
      <BuildActionEntry buildForTesting="YES" buildForRunning="YES" buildForProfiling="YES" buildForArchiving="YES" buildForAnalyzing="YES">
        <BuildableReference BuildableIdentifier="primary" BlueprintIdentifier="D2BD41982CF1AAE0000CF128" BuildableName="libcore_audio.a" BlueprintName="core_audio" ReferencedContainer="container:pomace.xcodeproj"/>
      </BuildActionEntry>
    </BuildActionEntries>
  </BuildAction>
</Scheme>
